
Microsoft Visual Studio Solution File, Format Version 12.00
# Visual Studio Version 17
VisualStudioVersion = 17.12.35527.113 d17.12
MinimumVisualStudioVersion = 10.0.40219.1
Project("{FAE04EC0-301F-11D3-BF4B-00C04F79EFBC}") = "CalcularValorDaVariavelSoma", "CalcularValorDaVariavelSoma.csproj", "{20F12E90-3411-4098-8C46-541AE04F8723}"
EndProject
Global
	GlobalSection(SolutionConfigurationPlatforms) = preSolution
		Debug|Any CPU = Debug|Any CPU
		Release|Any CPU = Release|Any CPU
	EndGlobalSection
	GlobalSection(ProjectConfigurationPlatforms) = postSolution
		{20F12E90-3411-4098-8C46-541AE04F8723}.Debug|Any CPU.ActiveCfg = Debug|Any CPU
		{20F12E90-3411-4098-8C46-541AE04F8723}.Debug|Any CPU.Build.0 = Debug|Any CPU
		{20F12E90-3411-4098-8C46-541AE04F8723}.Release|Any CPU.ActiveCfg = Release|Any CPU
		{20F12E90-3411-4098-8C46-541AE04F8723}.Release|Any CPU.Build.0 = Release|Any CPU
	EndGlobalSection
	GlobalSection(SolutionProperties) = preSolution
		HideSolutionNode = FALSE
	EndGlobalSection
EndGlobal
